// !$*UTF8*$!
{
	archiveVersion = 1;
	classes = {
	};
	objectVersion = 55;
	objects = {

/* Begin PBXBuildFile section */
		6B26903426A8534E004BD79F /* Plan.swift in Sources */ = {isa = PBXBuildFile; fileRef = 6B26903326A8534E004BD79F /* Plan.swift */; };
		6B41710327091B7700107719 /* OnboardView.swift in Sources */ = {isa = PBXBuildFile; fileRef = 6B41710127091B7700107719 /* OnboardView.swift */; };
		6B9B018A26A801120082D70F /* ReadingSelectionView.swift in Sources */ = {isa = PBXBuildFile; fileRef = 6B9B018926A801120082D70F /* ReadingSelectionView.swift */; };
		6B9E16B626A5F81700CED846 /* MCheynePlanApp.swift in Sources */ = {isa = PBXBuildFile; fileRef = 6B9E16A326A5F81500CED846 /* MCheynePlanApp.swift */; };
		6B9E16B826A5F81700CED846 /* ContentView.swift in Sources */ = {isa = PBXBuildFile; fileRef = 6B9E16A426A5F81500CED846 /* ContentView.swift */; };
		6B9E16BA26A5F81700CED846 /* Assets.xcassets in Resources */ = {isa = PBXBuildFile; fileRef = 6B9E16A526A5F81700CED846 /* Assets.xcassets */; };
		6BAB39A926A7703700AC2874 /* PlanView.swift in Sources */ = {isa = PBXBuildFile; fileRef = 6BAB39A826A7703700AC2874 /* PlanView.swift */; };
		6BAB39AB26A7709F00AC2874 /* SettingsView.swift in Sources */ = {isa = PBXBuildFile; fileRef = 6BAB39AA26A7709F00AC2874 /* SettingsView.swift */; };
		B1C2E0AA2A6C70E700319197 /* PlanTests.swift in Sources */ = {isa = PBXBuildFile; fileRef = B1C2E0A92A6C70E700319197 /* PlanTests.swift */; };
		B1C2E0B12A6C727B00319197 /* MockUserDefaults.swift in Sources */ = {isa = PBXBuildFile; fileRef = B1C2E0B02A6C727B00319197 /* MockUserDefaults.swift */; };
		B1C2E0B32A6DBFB600319197 /* MockUserDefaultsTests.swift in Sources */ = {isa = PBXBuildFile; fileRef = B1C2E0B22A6DBFB600319197 /* MockUserDefaultsTests.swift */; };
		B1C2E0B42A706E8100319197 /* Plan.swift in Sources */ = {isa = PBXBuildFile; fileRef = 6B26903326A8534E004BD79F /* Plan.swift */; };
		B1C2E0B62A73196800319197 /* PlanConstants.swift in Sources */ = {isa = PBXBuildFile; fileRef = B1C2E0B52A73196800319197 /* PlanConstants.swift */; };
		B1C2E0B72A73196800319197 /* PlanConstants.swift in Sources */ = {isa = PBXBuildFile; fileRef = B1C2E0B52A73196800319197 /* PlanConstants.swift */; };
/* End PBXBuildFile section */

/* Begin PBXContainerItemProxy section */
		B1C2E0AB2A6C70E700319197 /* PBXContainerItemProxy */ = {
			isa = PBXContainerItemProxy;
			containerPortal = 6B9E169E26A5F81500CED846 /* Project object */;
			proxyType = 1;
			remoteGlobalIDString = 6B9E16A926A5F81700CED846;
			remoteInfo = "The M'Cheyne Plan";
		};
/* End PBXContainerItemProxy section */

/* Begin PBXFileReference section */
		6B26903326A8534E004BD79F /* Plan.swift */ = {isa = PBXFileReference; lastKnownFileType = sourcecode.swift; path = Plan.swift; sourceTree = "<group>"; };
		6B41710127091B7700107719 /* OnboardView.swift */ = {isa = PBXFileReference; fileEncoding = 4; lastKnownFileType = sourcecode.swift; path = OnboardView.swift; sourceTree = "<group>"; };
		6B9B018926A801120082D70F /* ReadingSelectionView.swift */ = {isa = PBXFileReference; lastKnownFileType = sourcecode.swift; path = ReadingSelectionView.swift; sourceTree = "<group>"; };
		6B9E16A326A5F81500CED846 /* MCheynePlanApp.swift */ = {isa = PBXFileReference; lastKnownFileType = sourcecode.swift; path = MCheynePlanApp.swift; sourceTree = "<group>"; };
		6B9E16A426A5F81500CED846 /* ContentView.swift */ = {isa = PBXFileReference; lastKnownFileType = sourcecode.swift; path = ContentView.swift; sourceTree = "<group>"; };
		6B9E16A526A5F81700CED846 /* Assets.xcassets */ = {isa = PBXFileReference; lastKnownFileType = folder.assetcatalog; path = Assets.xcassets; sourceTree = "<group>"; };
		6B9E16AA26A5F81700CED846 /* The M'Cheyne Plan.app */ = {isa = PBXFileReference; explicitFileType = wrapper.application; includeInIndex = 0; path = "The M'Cheyne Plan.app"; sourceTree = BUILT_PRODUCTS_DIR; };
		6B9E16AD26A5F81700CED846 /* Info.plist */ = {isa = PBXFileReference; lastKnownFileType = text.plist.xml; path = Info.plist; sourceTree = "<group>"; };
		6BAB39A826A7703700AC2874 /* PlanView.swift */ = {isa = PBXFileReference; lastKnownFileType = sourcecode.swift; path = PlanView.swift; sourceTree = "<group>"; };
		6BAB39AA26A7709F00AC2874 /* SettingsView.swift */ = {isa = PBXFileReference; lastKnownFileType = sourcecode.swift; path = SettingsView.swift; sourceTree = "<group>"; };
		B1C2E0A72A6C70E700319197 /* mcheyne-plan-tests.xctest */ = {isa = PBXFileReference; explicitFileType = wrapper.cfbundle; includeInIndex = 0; path = "mcheyne-plan-tests.xctest"; sourceTree = BUILT_PRODUCTS_DIR; };
		B1C2E0A92A6C70E700319197 /* PlanTests.swift */ = {isa = PBXFileReference; lastKnownFileType = sourcecode.swift; path = PlanTests.swift; sourceTree = "<group>"; };
		B1C2E0B02A6C727B00319197 /* MockUserDefaults.swift */ = {isa = PBXFileReference; lastKnownFileType = sourcecode.swift; path = MockUserDefaults.swift; sourceTree = "<group>"; };
		B1C2E0B22A6DBFB600319197 /* MockUserDefaultsTests.swift */ = {isa = PBXFileReference; lastKnownFileType = sourcecode.swift; path = MockUserDefaultsTests.swift; sourceTree = "<group>"; };
		B1C2E0B52A73196800319197 /* PlanConstants.swift */ = {isa = PBXFileReference; lastKnownFileType = sourcecode.swift; path = PlanConstants.swift; sourceTree = "<group>"; };
/* End PBXFileReference section */

/* Begin PBXFrameworksBuildPhase section */
		6B9E16A726A5F81700CED846 /* Frameworks */ = {
			isa = PBXFrameworksBuildPhase;
			buildActionMask = 2147483647;
			files = (
			);
			runOnlyForDeploymentPostprocessing = 0;
		};
		B1C2E0A42A6C70E700319197 /* Frameworks */ = {
			isa = PBXFrameworksBuildPhase;
			buildActionMask = 2147483647;
			files = (
			);
			runOnlyForDeploymentPostprocessing = 0;
		};
/* End PBXFrameworksBuildPhase section */

/* Begin PBXGroup section */
		6B9E169D26A5F81500CED846 = {
			isa = PBXGroup;
			children = (
				6B9E16A226A5F81500CED846 /* Shared */,
				6B9E16AC26A5F81700CED846 /* iOS */,
				B1C2E0A82A6C70E700319197 /* Tests */,
				6B9E16AB26A5F81700CED846 /* Products */,
			);
			sourceTree = "<group>";
		};
		6B9E16A226A5F81500CED846 /* Shared */ = {
			isa = PBXGroup;
			children = (
				6B9E16A326A5F81500CED846 /* MCheynePlanApp.swift */,
				6B9E16C826A60FE400CED846 /* Model */,
				6B9E16C426A60F9D00CED846 /* Views */,
				6B9E16A526A5F81700CED846 /* Assets.xcassets */,
			);
			path = Shared;
			sourceTree = "<group>";
		};
		6B9E16AB26A5F81700CED846 /* Products */ = {
			isa = PBXGroup;
			children = (
				6B9E16AA26A5F81700CED846 /* The M'Cheyne Plan.app */,
				B1C2E0A72A6C70E700319197 /* mcheyne-plan-tests.xctest */,
			);
			name = Products;
			sourceTree = "<group>";
		};
		6B9E16AC26A5F81700CED846 /* iOS */ = {
			isa = PBXGroup;
			children = (
				6B9E16AD26A5F81700CED846 /* Info.plist */,
			);
			path = iOS;
			sourceTree = "<group>";
		};
		6B9E16C426A60F9D00CED846 /* Views */ = {
			isa = PBXGroup;
			children = (
				6B41710127091B7700107719 /* OnboardView.swift */,
				6B9E16A426A5F81500CED846 /* ContentView.swift */,
				6BAB39A826A7703700AC2874 /* PlanView.swift */,
				6B9B018926A801120082D70F /* ReadingSelectionView.swift */,
				6BAB39AA26A7709F00AC2874 /* SettingsView.swift */,
			);
			path = Views;
			sourceTree = "<group>";
		};
		6B9E16C826A60FE400CED846 /* Model */ = {
			isa = PBXGroup;
			children = (
				6B26903326A8534E004BD79F /* Plan.swift */,
				B1C2E0B52A73196800319197 /* PlanConstants.swift */,
			);
			path = Model;
			sourceTree = "<group>";
		};
		B1C2E0A82A6C70E700319197 /* Tests */ = {
			isa = PBXGroup;
			children = (
				B1C2E0A92A6C70E700319197 /* PlanTests.swift */,
				B1C2E0B02A6C727B00319197 /* MockUserDefaults.swift */,
				B1C2E0B22A6DBFB600319197 /* MockUserDefaultsTests.swift */,
			);
			path = Tests;
			sourceTree = "<group>";
		};
/* End PBXGroup section */

/* Begin PBXNativeTarget section */
		6B9E16A926A5F81700CED846 /* The M'Cheyne Plan */ = {
			isa = PBXNativeTarget;
			buildConfigurationList = 6B9E16BE26A5F81700CED846 /* Build configuration list for PBXNativeTarget "The M'Cheyne Plan" */;
			buildPhases = (
				6B9E16A626A5F81700CED846 /* Sources */,
				6B9E16A726A5F81700CED846 /* Frameworks */,
				6B9E16A826A5F81700CED846 /* Resources */,
			);
			buildRules = (
			);
			dependencies = (
			);
			name = "The M'Cheyne Plan";
			productName = "mcheyne-plan (iOS)";
			productReference = 6B9E16AA26A5F81700CED846 /* The M'Cheyne Plan.app */;
			productType = "com.apple.product-type.application";
		};
		B1C2E0A62A6C70E700319197 /* mcheyne-plan-tests */ = {
			isa = PBXNativeTarget;
			buildConfigurationList = B1C2E0AF2A6C70E700319197 /* Build configuration list for PBXNativeTarget "mcheyne-plan-tests" */;
			buildPhases = (
				B1C2E0A32A6C70E700319197 /* Sources */,
				B1C2E0A42A6C70E700319197 /* Frameworks */,
				B1C2E0A52A6C70E700319197 /* Resources */,
			);
			buildRules = (
			);
			dependencies = (
				B1C2E0AC2A6C70E700319197 /* PBXTargetDependency */,
			);
			name = "mcheyne-plan-tests";
			productName = "mcheyne-plan-tests";
			productReference = B1C2E0A72A6C70E700319197 /* mcheyne-plan-tests.xctest */;
			productType = "com.apple.product-type.bundle.unit-test";
		};
/* End PBXNativeTarget section */

/* Begin PBXProject section */
		6B9E169E26A5F81500CED846 /* Project object */ = {
			isa = PBXProject;
			attributes = {
				BuildIndependentTargetsInParallel = YES;
				LastSwiftUpdateCheck = 1430;
				LastUpgradeCheck = 1430;
				TargetAttributes = {
					6B9E16A926A5F81700CED846 = {
						CreatedOnToolsVersion = 12.5.1;
					};
					B1C2E0A62A6C70E700319197 = {
						CreatedOnToolsVersion = 14.3.1;
						TestTargetID = 6B9E16A926A5F81700CED846;
					};
				};
			};
			buildConfigurationList = 6B9E16A126A5F81500CED846 /* Build configuration list for PBXProject "The M'Cheyne Plan" */;
			compatibilityVersion = "Xcode 13.0";
			developmentRegion = en;
			hasScannedForEncodings = 0;
			knownRegions = (
				en,
				Base,
			);
			mainGroup = 6B9E169D26A5F81500CED846;
			productRefGroup = 6B9E16AB26A5F81700CED846 /* Products */;
			projectDirPath = "";
			projectRoot = "";
			targets = (
				6B9E16A926A5F81700CED846 /* The M'Cheyne Plan */,
				B1C2E0A62A6C70E700319197 /* mcheyne-plan-tests */,
			);
		};
/* End PBXProject section */

/* Begin PBXResourcesBuildPhase section */
		6B9E16A826A5F81700CED846 /* Resources */ = {
			isa = PBXResourcesBuildPhase;
			buildActionMask = 2147483647;
			files = (
				6B9E16BA26A5F81700CED846 /* Assets.xcassets in Resources */,
			);
			runOnlyForDeploymentPostprocessing = 0;
		};
		B1C2E0A52A6C70E700319197 /* Resources */ = {
			isa = PBXResourcesBuildPhase;
			buildActionMask = 2147483647;
			files = (
			);
			runOnlyForDeploymentPostprocessing = 0;
		};
/* End PBXResourcesBuildPhase section */

/* Begin PBXSourcesBuildPhase section */
		6B9E16A626A5F81700CED846 /* Sources */ = {
			isa = PBXSourcesBuildPhase;
			buildActionMask = 2147483647;
			files = (
				6B26903426A8534E004BD79F /* Plan.swift in Sources */,
				6B9E16B826A5F81700CED846 /* ContentView.swift in Sources */,
				6B9E16B626A5F81700CED846 /* MCheynePlanApp.swift in Sources */,
				6BAB39AB26A7709F00AC2874 /* SettingsView.swift in Sources */,
				6B41710327091B7700107719 /* OnboardView.swift in Sources */,
				6B9B018A26A801120082D70F /* ReadingSelectionView.swift in Sources */,
				B1C2E0B62A73196800319197 /* PlanConstants.swift in Sources */,
				6BAB39A926A7703700AC2874 /* PlanView.swift in Sources */,
			);
			runOnlyForDeploymentPostprocessing = 0;
		};
		B1C2E0A32A6C70E700319197 /* Sources */ = {
			isa = PBXSourcesBuildPhase;
			buildActionMask = 2147483647;
			files = (
				B1C2E0B42A706E8100319197 /* Plan.swift in Sources */,
				B1C2E0B12A6C727B00319197 /* MockUserDefaults.swift in Sources */,
				B1C2E0B32A6DBFB600319197 /* MockUserDefaultsTests.swift in Sources */,
				B1C2E0AA2A6C70E700319197 /* PlanTests.swift in Sources */,
				B1C2E0B72A73196800319197 /* PlanConstants.swift in Sources */,
			);
			runOnlyForDeploymentPostprocessing = 0;
		};
/* End PBXSourcesBuildPhase section */

/* Begin PBXTargetDependency section */
		B1C2E0AC2A6C70E700319197 /* PBXTargetDependency */ = {
			isa = PBXTargetDependency;
			target = 6B9E16A926A5F81700CED846 /* The M'Cheyne Plan */;
			targetProxy = B1C2E0AB2A6C70E700319197 /* PBXContainerItemProxy */;
		};
/* End PBXTargetDependency section */

/* Begin XCBuildConfiguration section */
		6B9E16BC26A5F81700CED846 /* Debug */ = {
			isa = XCBuildConfiguration;
			buildSettings = {
				ALWAYS_SEARCH_USER_PATHS = NO;
				CLANG_ANALYZER_NONNULL = YES;
				CLANG_ANALYZER_NUMBER_OBJECT_CONVERSION = YES_AGGRESSIVE;
				CLANG_CXX_LANGUAGE_STANDARD = "gnu++14";
				CLANG_CXX_LIBRARY = "libc++";
				CLANG_ENABLE_MODULES = YES;
				CLANG_ENABLE_OBJC_ARC = YES;
				CLANG_ENABLE_OBJC_WEAK = YES;
				CLANG_WARN_BLOCK_CAPTURE_AUTORELEASING = YES;
				CLANG_WARN_BOOL_CONVERSION = YES;
				CLANG_WARN_COMMA = YES;
				CLANG_WARN_CONSTANT_CONVERSION = YES;
				CLANG_WARN_DEPRECATED_OBJC_IMPLEMENTATIONS = YES;
				CLANG_WARN_DIRECT_OBJC_ISA_USAGE = YES_ERROR;
				CLANG_WARN_DOCUMENTATION_COMMENTS = YES;
				CLANG_WARN_EMPTY_BODY = YES;
				CLANG_WARN_ENUM_CONVERSION = YES;
				CLANG_WARN_INFINITE_RECURSION = YES;
				CLANG_WARN_INT_CONVERSION = YES;
				CLANG_WARN_NON_LITERAL_NULL_CONVERSION = YES;
				CLANG_WARN_OBJC_IMPLICIT_RETAIN_SELF = YES;
				CLANG_WARN_OBJC_LITERAL_CONVERSION = YES;
				CLANG_WARN_OBJC_ROOT_CLASS = YES_ERROR;
				CLANG_WARN_QUOTED_INCLUDE_IN_FRAMEWORK_HEADER = YES;
				CLANG_WARN_RANGE_LOOP_ANALYSIS = YES;
				CLANG_WARN_STRICT_PROTOTYPES = YES;
				CLANG_WARN_SUSPICIOUS_MOVE = YES;
				CLANG_WARN_UNGUARDED_AVAILABILITY = YES_AGGRESSIVE;
				CLANG_WARN_UNREACHABLE_CODE = YES;
				CLANG_WARN__DUPLICATE_METHOD_MATCH = YES;
				COPY_PHASE_STRIP = NO;
				DEAD_CODE_STRIPPING = YES;
				DEBUG_INFORMATION_FORMAT = dwarf;
				ENABLE_STRICT_OBJC_MSGSEND = YES;
				ENABLE_TESTABILITY = YES;
				GCC_C_LANGUAGE_STANDARD = gnu11;
				GCC_DYNAMIC_NO_PIC = NO;
				GCC_NO_COMMON_BLOCKS = YES;
				GCC_OPTIMIZATION_LEVEL = 0;
				GCC_PREPROCESSOR_DEFINITIONS = (
					"DEBUG=1",
					"$(inherited)",
				);
				GCC_WARN_64_TO_32_BIT_CONVERSION = YES;
				GCC_WARN_ABOUT_RETURN_TYPE = YES_ERROR;
				GCC_WARN_UNDECLARED_SELECTOR = YES;
				GCC_WARN_UNINITIALIZED_AUTOS = YES_AGGRESSIVE;
				GCC_WARN_UNUSED_FUNCTION = YES;
				GCC_WARN_UNUSED_VARIABLE = YES;
				MTL_ENABLE_DEBUG_INFO = INCLUDE_SOURCE;
				MTL_FAST_MATH = YES;
				ONLY_ACTIVE_ARCH = YES;
				SWIFT_ACTIVE_COMPILATION_CONDITIONS = DEBUG;
				SWIFT_OPTIMIZATION_LEVEL = "-Onone";
			};
			name = Debug;
		};
		6B9E16BD26A5F81700CED846 /* Release */ = {
			isa = XCBuildConfiguration;
			buildSettings = {
				ALWAYS_SEARCH_USER_PATHS = NO;
				CLANG_ANALYZER_NONNULL = YES;
				CLANG_ANALYZER_NUMBER_OBJECT_CONVERSION = YES_AGGRESSIVE;
				CLANG_CXX_LANGUAGE_STANDARD = "gnu++14";
				CLANG_CXX_LIBRARY = "libc++";
				CLANG_ENABLE_MODULES = YES;
				CLANG_ENABLE_OBJC_ARC = YES;
				CLANG_ENABLE_OBJC_WEAK = YES;
				CLANG_WARN_BLOCK_CAPTURE_AUTORELEASING = YES;
				CLANG_WARN_BOOL_CONVERSION = YES;
				CLANG_WARN_COMMA = YES;
				CLANG_WARN_CONSTANT_CONVERSION = YES;
				CLANG_WARN_DEPRECATED_OBJC_IMPLEMENTATIONS = YES;
				CLANG_WARN_DIRECT_OBJC_ISA_USAGE = YES_ERROR;
				CLANG_WARN_DOCUMENTATION_COMMENTS = YES;
				CLANG_WARN_EMPTY_BODY = YES;
				CLANG_WARN_ENUM_CONVERSION = YES;
				CLANG_WARN_INFINITE_RECURSION = YES;
				CLANG_WARN_INT_CONVERSION = YES;
				CLANG_WARN_NON_LITERAL_NULL_CONVERSION = YES;
				CLANG_WARN_OBJC_IMPLICIT_RETAIN_SELF = YES;
				CLANG_WARN_OBJC_LITERAL_CONVERSION = YES;
				CLANG_WARN_OBJC_ROOT_CLASS = YES_ERROR;
				CLANG_WARN_QUOTED_INCLUDE_IN_FRAMEWORK_HEADER = YES;
				CLANG_WARN_RANGE_LOOP_ANALYSIS = YES;
				CLANG_WARN_STRICT_PROTOTYPES = YES;
				CLANG_WARN_SUSPICIOUS_MOVE = YES;
				CLANG_WARN_UNGUARDED_AVAILABILITY = YES_AGGRESSIVE;
				CLANG_WARN_UNREACHABLE_CODE = YES;
				CLANG_WARN__DUPLICATE_METHOD_MATCH = YES;
				COPY_PHASE_STRIP = NO;
				DEAD_CODE_STRIPPING = YES;
				DEBUG_INFORMATION_FORMAT = "dwarf-with-dsym";
				ENABLE_NS_ASSERTIONS = NO;
				ENABLE_STRICT_OBJC_MSGSEND = YES;
				GCC_C_LANGUAGE_STANDARD = gnu11;
				GCC_NO_COMMON_BLOCKS = YES;
				GCC_WARN_64_TO_32_BIT_CONVERSION = YES;
				GCC_WARN_ABOUT_RETURN_TYPE = YES_ERROR;
				GCC_WARN_UNDECLARED_SELECTOR = YES;
				GCC_WARN_UNINITIALIZED_AUTOS = YES_AGGRESSIVE;
				GCC_WARN_UNUSED_FUNCTION = YES;
				GCC_WARN_UNUSED_VARIABLE = YES;
				MTL_ENABLE_DEBUG_INFO = NO;
				MTL_FAST_MATH = YES;
				SWIFT_COMPILATION_MODE = wholemodule;
				SWIFT_OPTIMIZATION_LEVEL = "-O";
			};
			name = Release;
		};
		6B9E16BF26A5F81700CED846 /* Debug */ = {
			isa = XCBuildConfiguration;
			buildSettings = {
				ASSETCATALOG_COMPILER_APPICON_NAME = AppIcon;
				ASSETCATALOG_COMPILER_GLOBAL_ACCENT_COLOR_NAME = AccentColor;
				CODE_SIGN_ENTITLEMENTS = "The M'Cheyne Plan.entitlements";
				CODE_SIGN_STYLE = Automatic;
				CURRENT_PROJECT_VERSION = 5;
				DEVELOPMENT_TEAM = QSQY64SHJ5;
				ENABLE_PREVIEWS = YES;
				INFOPLIST_FILE = iOS/Info.plist;
				IPHONEOS_DEPLOYMENT_TARGET = 15.0;
				LD_RUNPATH_SEARCH_PATHS = (
					"$(inherited)",
					"@executable_path/Frameworks",
				);
				MARKETING_VERSION = 1.3;
				PRODUCT_BUNDLE_IDENTIFIER = "com.willswire.mcheyne-plan";
				PRODUCT_NAME = "The M'Cheyne Plan";
				SDKROOT = iphoneos;
				SUPPORTS_MACCATALYST = YES;
				SUPPORTS_MAC_DESIGNED_FOR_IPHONE_IPAD = YES;
				SWIFT_VERSION = 5.0;
				TARGETED_DEVICE_FAMILY = "1,2";
			};
			name = Debug;
		};
		6B9E16C026A5F81700CED846 /* Release */ = {
			isa = XCBuildConfiguration;
			buildSettings = {
				ASSETCATALOG_COMPILER_APPICON_NAME = AppIcon;
				ASSETCATALOG_COMPILER_GLOBAL_ACCENT_COLOR_NAME = AccentColor;
				CODE_SIGN_ENTITLEMENTS = "The M'Cheyne Plan.entitlements";
				CODE_SIGN_STYLE = Automatic;
				CURRENT_PROJECT_VERSION = 5;
				DEVELOPMENT_TEAM = QSQY64SHJ5;
				ENABLE_PREVIEWS = YES;
				INFOPLIST_FILE = iOS/Info.plist;
				IPHONEOS_DEPLOYMENT_TARGET = 15.0;
				LD_RUNPATH_SEARCH_PATHS = (
					"$(inherited)",
					"@executable_path/Frameworks",
				);
				MARKETING_VERSION = 1.3;
				PRODUCT_BUNDLE_IDENTIFIER = "com.willswire.mcheyne-plan";
				PRODUCT_NAME = "The M'Cheyne Plan";
				SDKROOT = iphoneos;
				SUPPORTS_MACCATALYST = YES;
				SUPPORTS_MAC_DESIGNED_FOR_IPHONE_IPAD = YES;
				SWIFT_VERSION = 5.0;
				TARGETED_DEVICE_FAMILY = "1,2";
				VALIDATE_PRODUCT = YES;
			};
			name = Release;
		};
		B1C2E0AD2A6C70E700319197 /* Debug */ = {
			isa = XCBuildConfiguration;
			buildSettings = {
				BUNDLE_LOADER = "$(TEST_HOST)";
				CLANG_CXX_LANGUAGE_STANDARD = "gnu++20";
				CODE_SIGN_STYLE = Automatic;
				CURRENT_PROJECT_VERSION = 1;
				DEAD_CODE_STRIPPING = YES;
				GENERATE_INFOPLIST_FILE = YES;
				IPHONEOS_DEPLOYMENT_TARGET = 16.4;
				MACOSX_DEPLOYMENT_TARGET = 13.3;
				MARKETING_VERSION = 1.0;
				PRODUCT_BUNDLE_IDENTIFIER = "com.willswire.mcheyne-plan-tests";
				PRODUCT_NAME = "$(TARGET_NAME)";
				SDKROOT = auto;
				SUPPORTED_PLATFORMS = "iphoneos iphonesimulator macosx";
				SWIFT_EMIT_LOC_STRINGS = NO;
				SWIFT_VERSION = 5.0;
				TARGETED_DEVICE_FAMILY = "1,2";
				TEST_HOST = "$(BUILT_PRODUCTS_DIR)/The M'Cheyne Plan.app/$(BUNDLE_EXECUTABLE_FOLDER_PATH)/The M'Cheyne Plan";
			};
			name = Debug;
		};
		B1C2E0AE2A6C70E700319197 /* Release */ = {
			isa = XCBuildConfiguration;
			buildSettings = {
				BUNDLE_LOADER = "$(TEST_HOST)";
				CLANG_CXX_LANGUAGE_STANDARD = "gnu++20";
				CODE_SIGN_STYLE = Automatic;
				CURRENT_PROJECT_VERSION = 1;
				DEAD_CODE_STRIPPING = YES;
				GENERATE_INFOPLIST_FILE = YES;
				IPHONEOS_DEPLOYMENT_TARGET = 16.4;
				MACOSX_DEPLOYMENT_TARGET = 13.3;
				MARKETING_VERSION = 1.0;
				PRODUCT_BUNDLE_IDENTIFIER = "com.willswire.mcheyne-plan-tests";
				PRODUCT_NAME = "$(TARGET_NAME)";
				SDKROOT = auto;
				SUPPORTED_PLATFORMS = "iphoneos iphonesimulator macosx";
				SWIFT_EMIT_LOC_STRINGS = NO;
				SWIFT_VERSION = 5.0;
				TARGETED_DEVICE_FAMILY = "1,2";
				TEST_HOST = "$(BUILT_PRODUCTS_DIR)/The M'Cheyne Plan.app/$(BUNDLE_EXECUTABLE_FOLDER_PATH)/The M'Cheyne Plan";
			};
			name = Release;
		};
/* End XCBuildConfiguration section */

/* Begin XCConfigurationList section */
		6B9E16A126A5F81500CED846 /* Build configuration list for PBXProject "The M'Cheyne Plan" */ = {
			isa = XCConfigurationList;
			buildConfigurations = (
				6B9E16BC26A5F81700CED846 /* Debug */,
				6B9E16BD26A5F81700CED846 /* Release */,
			);
			defaultConfigurationIsVisible = 0;
			defaultConfigurationName = Release;
		};
		6B9E16BE26A5F81700CED846 /* Build configuration list for PBXNativeTarget "The M'Cheyne Plan" */ = {
			isa = XCConfigurationList;
			buildConfigurations = (
				6B9E16BF26A5F81700CED846 /* Debug */,
				6B9E16C026A5F81700CED846 /* Release */,
			);
			defaultConfigurationIsVisible = 0;
			defaultConfigurationName = Release;
		};
		B1C2E0AF2A6C70E700319197 /* Build configuration list for PBXNativeTarget "mcheyne-plan-tests" */ = {
			isa = XCConfigurationList;
			buildConfigurations = (
				B1C2E0AD2A6C70E700319197 /* Debug */,
				B1C2E0AE2A6C70E700319197 /* Release */,
			);
			defaultConfigurationIsVisible = 0;
			defaultConfigurationName = Release;
		};
/* End XCConfigurationList section */
	};
	rootObject = 6B9E169E26A5F81500CED846 /* Project object */;
}
