// !$*UTF8*$!
{
	archiveVersion = 1;
	classes = {
	};
	objectVersion = 56;
	objects = {

/* Begin PBXBuildFile section */
		6BB4320D2A9161130048C787 /* App.swift in Sources */ = {isa = PBXBuildFile; fileRef = 6BB4320C2A9161130048C787 /* App.swift */; };
		6BB432112A9161150048C787 /* Assets.xcassets in Resources */ = {isa = PBXBuildFile; fileRef = 6BB432102A9161150048C787 /* Assets.xcassets */; };
		6BB432152A9161150048C787 /* Preview Assets.xcassets in Resources */ = {isa = PBXBuildFile; fileRef = 6BB432142A9161150048C787 /* Preview Assets.xcassets */; };
		6BB4321F2A9161150048C787 /* PlanTests.swift in Sources */ = {isa = PBXBuildFile; fileRef = 6BB4321E2A9161150048C787 /* PlanTests.swift */; };
		6BB432382A9161AC0048C787 /* MockUserDefaults.swift in Sources */ = {isa = PBXBuildFile; fileRef = 6BB432372A9161AC0048C787 /* MockUserDefaults.swift */; };
		6BB4323A2A9161C30048C787 /* MockUserDefaultsTests.swift in Sources */ = {isa = PBXBuildFile; fileRef = 6BB432392A9161C30048C787 /* MockUserDefaultsTests.swift */; };
		6BB4324B2A9162CC0048C787 /* Plan.swift in Sources */ = {isa = PBXBuildFile; fileRef = 6BB4323C2A9161F00048C787 /* Plan.swift */; };
		6BB4324C2A9162D20048C787 /* PlanConstants.swift in Sources */ = {isa = PBXBuildFile; fileRef = 6BB4323E2A9161FF0048C787 /* PlanConstants.swift */; };
		6BB4324D2A9162D60048C787 /* OnboardView.swift in Sources */ = {isa = PBXBuildFile; fileRef = 6BB432412A91622A0048C787 /* OnboardView.swift */; };
		6BB4324E2A9162D90048C787 /* PlanView.swift in Sources */ = {isa = PBXBuildFile; fileRef = 6BB432452A9162430048C787 /* PlanView.swift */; };
		6BB4324F2A9162DC0048C787 /* ContentView.swift in Sources */ = {isa = PBXBuildFile; fileRef = 6BB432432A9162350048C787 /* ContentView.swift */; };
		6BB432502A9162DF0048C787 /* ReadingSelectionView.swift in Sources */ = {isa = PBXBuildFile; fileRef = 6BB432472A91624D0048C787 /* ReadingSelectionView.swift */; };
		6BB432512A9162E20048C787 /* SettingsView.swift in Sources */ = {isa = PBXBuildFile; fileRef = 6BB432492A9162580048C787 /* SettingsView.swift */; };
		6BB432522A91634B0048C787 /* Plan.swift in Sources */ = {isa = PBXBuildFile; fileRef = 6BB4323C2A9161F00048C787 /* Plan.swift */; };
		6BB432532A9163770048C787 /* PlanConstants.swift in Sources */ = {isa = PBXBuildFile; fileRef = 6BB4323E2A9161FF0048C787 /* PlanConstants.swift */; };
/* End PBXBuildFile section */

/* Begin PBXContainerItemProxy section */
		6BB4321B2A9161150048C787 /* PBXContainerItemProxy */ = {
			isa = PBXContainerItemProxy;
			containerPortal = 6BB432012A9161130048C787 /* Project object */;
			proxyType = 1;
			remoteGlobalIDString = 6BB432082A9161130048C787;
			remoteInfo = "mcheyne-plan";
		};
		6BB432252A9161150048C787 /* PBXContainerItemProxy */ = {
			isa = PBXContainerItemProxy;
			containerPortal = 6BB432012A9161130048C787 /* Project object */;
			proxyType = 1;
			remoteGlobalIDString = 6BB432082A9161130048C787;
			remoteInfo = "mcheyne-plan";
		};
/* End PBXContainerItemProxy section */

/* Begin PBXFileReference section */
		6BB432092A9161130048C787 /* The M'Cheyne Plan.app */ = {isa = PBXFileReference; explicitFileType = wrapper.application; includeInIndex = 0; path = "The M'Cheyne Plan.app"; sourceTree = BUILT_PRODUCTS_DIR; };
		6BB4320C2A9161130048C787 /* App.swift */ = {isa = PBXFileReference; lastKnownFileType = sourcecode.swift; path = App.swift; sourceTree = "<group>"; };
		6BB432102A9161150048C787 /* Assets.xcassets */ = {isa = PBXFileReference; lastKnownFileType = folder.assetcatalog; path = Assets.xcassets; sourceTree = "<group>"; };
		6BB432122A9161150048C787 /* App.entitlements */ = {isa = PBXFileReference; lastKnownFileType = text.plist.entitlements; path = App.entitlements; sourceTree = "<group>"; };
		6BB432142A9161150048C787 /* Preview Assets.xcassets */ = {isa = PBXFileReference; lastKnownFileType = folder.assetcatalog; path = "Preview Assets.xcassets"; sourceTree = "<group>"; };
		6BB4321A2A9161150048C787 /* The M'Cheyne PlanTests.xctest */ = {isa = PBXFileReference; explicitFileType = wrapper.cfbundle; includeInIndex = 0; path = "The M'Cheyne PlanTests.xctest"; sourceTree = BUILT_PRODUCTS_DIR; };
		6BB4321E2A9161150048C787 /* PlanTests.swift */ = {isa = PBXFileReference; lastKnownFileType = sourcecode.swift; path = PlanTests.swift; sourceTree = "<group>"; };
		6BB432242A9161150048C787 /* The M'Cheyne PlanUITests.xctest */ = {isa = PBXFileReference; explicitFileType = wrapper.cfbundle; includeInIndex = 0; path = "The M'Cheyne PlanUITests.xctest"; sourceTree = BUILT_PRODUCTS_DIR; };
		6BB432372A9161AC0048C787 /* MockUserDefaults.swift */ = {isa = PBXFileReference; lastKnownFileType = sourcecode.swift; path = MockUserDefaults.swift; sourceTree = "<group>"; };
		6BB432392A9161C30048C787 /* MockUserDefaultsTests.swift */ = {isa = PBXFileReference; lastKnownFileType = sourcecode.swift; path = MockUserDefaultsTests.swift; sourceTree = "<group>"; };
		6BB4323C2A9161F00048C787 /* Plan.swift */ = {isa = PBXFileReference; lastKnownFileType = sourcecode.swift; path = Plan.swift; sourceTree = "<group>"; };
		6BB4323E2A9161FF0048C787 /* PlanConstants.swift */ = {isa = PBXFileReference; lastKnownFileType = sourcecode.swift; path = PlanConstants.swift; sourceTree = "<group>"; };
		6BB432412A91622A0048C787 /* OnboardView.swift */ = {isa = PBXFileReference; lastKnownFileType = sourcecode.swift; path = OnboardView.swift; sourceTree = "<group>"; };
		6BB432432A9162350048C787 /* ContentView.swift */ = {isa = PBXFileReference; lastKnownFileType = sourcecode.swift; path = ContentView.swift; sourceTree = "<group>"; };
		6BB432452A9162430048C787 /* PlanView.swift */ = {isa = PBXFileReference; lastKnownFileType = sourcecode.swift; path = PlanView.swift; sourceTree = "<group>"; };
		6BB432472A91624D0048C787 /* ReadingSelectionView.swift */ = {isa = PBXFileReference; lastKnownFileType = sourcecode.swift; path = ReadingSelectionView.swift; sourceTree = "<group>"; };
		6BB432492A9162580048C787 /* SettingsView.swift */ = {isa = PBXFileReference; lastKnownFileType = sourcecode.swift; path = SettingsView.swift; sourceTree = "<group>"; };
		6BCD532E2AD49D3C00B2BEC2 /* README.md */ = {isa = PBXFileReference; lastKnownFileType = net.daringfireball.markdown; path = README.md; sourceTree = SOURCE_ROOT; };
/* End PBXFileReference section */

/* Begin PBXFrameworksBuildPhase section */
		6BB432062A9161130048C787 /* Frameworks */ = {
			isa = PBXFrameworksBuildPhase;
			buildActionMask = 2147483647;
			files = (
			);
			runOnlyForDeploymentPostprocessing = 0;
		};
		6BB432172A9161150048C787 /* Frameworks */ = {
			isa = PBXFrameworksBuildPhase;
			buildActionMask = 2147483647;
			files = (
			);
			runOnlyForDeploymentPostprocessing = 0;
		};
		6BB432212A9161150048C787 /* Frameworks */ = {
			isa = PBXFrameworksBuildPhase;
			buildActionMask = 2147483647;
			files = (
			);
			runOnlyForDeploymentPostprocessing = 0;
		};
/* End PBXFrameworksBuildPhase section */

/* Begin PBXGroup section */
		6BB432002A9161130048C787 = {
			isa = PBXGroup;
			children = (
				6BCD532E2AD49D3C00B2BEC2 /* README.md */,
				6BB4320B2A9161130048C787 /* Shared */,
				6BB4321D2A9161150048C787 /* Tests */,
				6BB4320A2A9161130048C787 /* Products */,
			);
			sourceTree = "<group>";
		};
		6BB4320A2A9161130048C787 /* Products */ = {
			isa = PBXGroup;
			children = (
				6BB432092A9161130048C787 /* The M'Cheyne Plan.app */,
				6BB4321A2A9161150048C787 /* The M'Cheyne PlanTests.xctest */,
				6BB432242A9161150048C787 /* The M'Cheyne PlanUITests.xctest */,
			);
			name = Products;
			sourceTree = "<group>";
		};
		6BB4320B2A9161130048C787 /* Shared */ = {
			isa = PBXGroup;
			children = (
				6BB4320C2A9161130048C787 /* App.swift */,
				6BB4323B2A9161E90048C787 /* Model */,
				6BB432402A91620C0048C787 /* Views */,
				6BB432102A9161150048C787 /* Assets.xcassets */,
				6BB432122A9161150048C787 /* App.entitlements */,
				6BB432132A9161150048C787 /* Preview Content */,
			);
			path = Shared;
			sourceTree = "<group>";
		};
		6BB432132A9161150048C787 /* Preview Content */ = {
			isa = PBXGroup;
			children = (
				6BB432142A9161150048C787 /* Preview Assets.xcassets */,
			);
			path = "Preview Content";
			sourceTree = "<group>";
		};
		6BB4321D2A9161150048C787 /* Tests */ = {
			isa = PBXGroup;
			children = (
				6BB4321E2A9161150048C787 /* PlanTests.swift */,
				6BB432372A9161AC0048C787 /* MockUserDefaults.swift */,
				6BB432392A9161C30048C787 /* MockUserDefaultsTests.swift */,
			);
			path = Tests;
			sourceTree = "<group>";
		};
		6BB4323B2A9161E90048C787 /* Model */ = {
			isa = PBXGroup;
			children = (
				6BB4323C2A9161F00048C787 /* Plan.swift */,
				6BB4323E2A9161FF0048C787 /* PlanConstants.swift */,
			);
			path = Model;
			sourceTree = "<group>";
		};
		6BB432402A91620C0048C787 /* Views */ = {
			isa = PBXGroup;
			children = (
				6BB432412A91622A0048C787 /* OnboardView.swift */,
				6BB432452A9162430048C787 /* PlanView.swift */,
				6BB432432A9162350048C787 /* ContentView.swift */,
				6BB432472A91624D0048C787 /* ReadingSelectionView.swift */,
				6BB432492A9162580048C787 /* SettingsView.swift */,
			);
			path = Views;
			sourceTree = "<group>";
		};
/* End PBXGroup section */

/* Begin PBXNativeTarget section */
		6BB432082A9161130048C787 /* The M'Cheyne Plan */ = {
			isa = PBXNativeTarget;
			buildConfigurationList = 6BB4322E2A9161150048C787 /* Build configuration list for PBXNativeTarget "The M'Cheyne Plan" */;
			buildPhases = (
				6BB432052A9161130048C787 /* Sources */,
				6BB432062A9161130048C787 /* Frameworks */,
				6BB432072A9161130048C787 /* Resources */,
			);
			buildRules = (
			);
			dependencies = (
			);
			name = "The M'Cheyne Plan";
			productName = "mcheyne-plan";
			productReference = 6BB432092A9161130048C787 /* The M'Cheyne Plan.app */;
			productType = "com.apple.product-type.application";
		};
		6BB432192A9161150048C787 /* The M'Cheyne PlanTests */ = {
			isa = PBXNativeTarget;
			buildConfigurationList = 6BB432312A9161150048C787 /* Build configuration list for PBXNativeTarget "The M'Cheyne PlanTests" */;
			buildPhases = (
				6BB432162A9161150048C787 /* Sources */,
				6BB432172A9161150048C787 /* Frameworks */,
				6BB432182A9161150048C787 /* Resources */,
			);
			buildRules = (
			);
			dependencies = (
				6BB4321C2A9161150048C787 /* PBXTargetDependency */,
			);
			name = "The M'Cheyne PlanTests";
			productName = "mcheyne-planTests";
			productReference = 6BB4321A2A9161150048C787 /* The M'Cheyne PlanTests.xctest */;
			productType = "com.apple.product-type.bundle.unit-test";
		};
		6BB432232A9161150048C787 /* The M'Cheyne PlanUITests */ = {
			isa = PBXNativeTarget;
			buildConfigurationList = 6BB432342A9161150048C787 /* Build configuration list for PBXNativeTarget "The M'Cheyne PlanUITests" */;
			buildPhases = (
				6BB432202A9161150048C787 /* Sources */,
				6BB432212A9161150048C787 /* Frameworks */,
				6BB432222A9161150048C787 /* Resources */,
			);
			buildRules = (
			);
			dependencies = (
				6BB432262A9161150048C787 /* PBXTargetDependency */,
			);
			name = "The M'Cheyne PlanUITests";
			productName = "mcheyne-planUITests";
			productReference = 6BB432242A9161150048C787 /* The M'Cheyne PlanUITests.xctest */;
			productType = "com.apple.product-type.bundle.ui-testing";
		};
/* End PBXNativeTarget section */

/* Begin PBXProject section */
		6BB432012A9161130048C787 /* Project object */ = {
			isa = PBXProject;
			attributes = {
				BuildIndependentTargetsInParallel = 1;
				LastSwiftUpdateCheck = 1500;
				LastUpgradeCheck = 1520;
				TargetAttributes = {
					6BB432082A9161130048C787 = {
						CreatedOnToolsVersion = 15.0;
					};
					6BB432192A9161150048C787 = {
						CreatedOnToolsVersion = 15.0;
						TestTargetID = 6BB432082A9161130048C787;
					};
					6BB432232A9161150048C787 = {
						CreatedOnToolsVersion = 15.0;
						TestTargetID = 6BB432082A9161130048C787;
					};
				};
			};
			buildConfigurationList = 6BB432042A9161130048C787 /* Build configuration list for PBXProject "The M'Cheyne Plan" */;
			compatibilityVersion = "Xcode 14.0";
			developmentRegion = en;
			hasScannedForEncodings = 0;
			knownRegions = (
				en,
				Base,
			);
			mainGroup = 6BB432002A9161130048C787;
			productRefGroup = 6BB4320A2A9161130048C787 /* Products */;
			projectDirPath = "";
			projectRoot = "";
			targets = (
				6BB432082A9161130048C787 /* The M'Cheyne Plan */,
				6BB432192A9161150048C787 /* The M'Cheyne PlanTests */,
				6BB432232A9161150048C787 /* The M'Cheyne PlanUITests */,
			);
		};
/* End PBXProject section */

/* Begin PBXResourcesBuildPhase section */
		6BB432072A9161130048C787 /* Resources */ = {
			isa = PBXResourcesBuildPhase;
			buildActionMask = 2147483647;
			files = (
				6BB432152A9161150048C787 /* Preview Assets.xcassets in Resources */,
				6BB432112A9161150048C787 /* Assets.xcassets in Resources */,
			);
			runOnlyForDeploymentPostprocessing = 0;
		};
		6BB432182A9161150048C787 /* Resources */ = {
			isa = PBXResourcesBuildPhase;
			buildActionMask = 2147483647;
			files = (
			);
			runOnlyForDeploymentPostprocessing = 0;
		};
		6BB432222A9161150048C787 /* Resources */ = {
			isa = PBXResourcesBuildPhase;
			buildActionMask = 2147483647;
			files = (
			);
			runOnlyForDeploymentPostprocessing = 0;
		};
/* End PBXResourcesBuildPhase section */

/* Begin PBXSourcesBuildPhase section */
		6BB432052A9161130048C787 /* Sources */ = {
			isa = PBXSourcesBuildPhase;
			buildActionMask = 2147483647;
			files = (
				6BB4324D2A9162D60048C787 /* OnboardView.swift in Sources */,
				6BB432512A9162E20048C787 /* SettingsView.swift in Sources */,
				6BB4324C2A9162D20048C787 /* PlanConstants.swift in Sources */,
				6BB4324F2A9162DC0048C787 /* ContentView.swift in Sources */,
				6BB4324B2A9162CC0048C787 /* Plan.swift in Sources */,
				6BB432502A9162DF0048C787 /* ReadingSelectionView.swift in Sources */,
				6BB4320D2A9161130048C787 /* App.swift in Sources */,
				6BB4324E2A9162D90048C787 /* PlanView.swift in Sources */,
			);
			runOnlyForDeploymentPostprocessing = 0;
		};
		6BB432162A9161150048C787 /* Sources */ = {
			isa = PBXSourcesBuildPhase;
			buildActionMask = 2147483647;
			files = (
				6BB432522A91634B0048C787 /* Plan.swift in Sources */,
				6BB432382A9161AC0048C787 /* MockUserDefaults.swift in Sources */,
				6BB4323A2A9161C30048C787 /* MockUserDefaultsTests.swift in Sources */,
				6BB4321F2A9161150048C787 /* PlanTests.swift in Sources */,
				6BB432532A9163770048C787 /* PlanConstants.swift in Sources */,
			);
			runOnlyForDeploymentPostprocessing = 0;
		};
		6BB432202A9161150048C787 /* Sources */ = {
			isa = PBXSourcesBuildPhase;
			buildActionMask = 2147483647;
			files = (
			);
			runOnlyForDeploymentPostprocessing = 0;
		};
/* End PBXSourcesBuildPhase section */

/* Begin PBXTargetDependency section */
		6BB4321C2A9161150048C787 /* PBXTargetDependency */ = {
			isa = PBXTargetDependency;
			target = 6BB432082A9161130048C787 /* The M'Cheyne Plan */;
			targetProxy = 6BB4321B2A9161150048C787 /* PBXContainerItemProxy */;
		};
		6BB432262A9161150048C787 /* PBXTargetDependency */ = {
			isa = PBXTargetDependency;
			target = 6BB432082A9161130048C787 /* The M'Cheyne Plan */;
			targetProxy = 6BB432252A9161150048C787 /* PBXContainerItemProxy */;
		};
/* End PBXTargetDependency section */

/* Begin XCBuildConfiguration section */
		6BB4322C2A9161150048C787 /* Debug */ = {
			isa = XCBuildConfiguration;
			buildSettings = {
				ALWAYS_SEARCH_USER_PATHS = NO;
				ASSETCATALOG_COMPILER_GENERATE_SWIFT_ASSET_SYMBOL_EXTENSIONS = YES;
				CLANG_ANALYZER_NONNULL = YES;
				CLANG_ANALYZER_NUMBER_OBJECT_CONVERSION = YES_AGGRESSIVE;
				CLANG_CXX_LANGUAGE_STANDARD = "gnu++20";
				CLANG_ENABLE_MODULES = YES;
				CLANG_ENABLE_OBJC_ARC = YES;
				CLANG_ENABLE_OBJC_WEAK = YES;
				CLANG_WARN_BLOCK_CAPTURE_AUTORELEASING = YES;
				CLANG_WARN_BOOL_CONVERSION = YES;
				CLANG_WARN_COMMA = YES;
				CLANG_WARN_CONSTANT_CONVERSION = YES;
				CLANG_WARN_DEPRECATED_OBJC_IMPLEMENTATIONS = YES;
				CLANG_WARN_DIRECT_OBJC_ISA_USAGE = YES_ERROR;
				CLANG_WARN_DOCUMENTATION_COMMENTS = YES;
				CLANG_WARN_EMPTY_BODY = YES;
				CLANG_WARN_ENUM_CONVERSION = YES;
				CLANG_WARN_INFINITE_RECURSION = YES;
				CLANG_WARN_INT_CONVERSION = YES;
				CLANG_WARN_NON_LITERAL_NULL_CONVERSION = YES;
				CLANG_WARN_OBJC_IMPLICIT_RETAIN_SELF = YES;
				CLANG_WARN_OBJC_LITERAL_CONVERSION = YES;
				CLANG_WARN_OBJC_ROOT_CLASS = YES_ERROR;
				CLANG_WARN_QUOTED_INCLUDE_IN_FRAMEWORK_HEADER = YES;
				CLANG_WARN_RANGE_LOOP_ANALYSIS = YES;
				CLANG_WARN_STRICT_PROTOTYPES = YES;
				CLANG_WARN_SUSPICIOUS_MOVE = YES;
				CLANG_WARN_UNGUARDED_AVAILABILITY = YES_AGGRESSIVE;
				CLANG_WARN_UNREACHABLE_CODE = YES;
				CLANG_WARN__DUPLICATE_METHOD_MATCH = YES;
				COPY_PHASE_STRIP = NO;
				DEAD_CODE_STRIPPING = YES;
				DEBUG_INFORMATION_FORMAT = dwarf;
				ENABLE_STRICT_OBJC_MSGSEND = YES;
				ENABLE_TESTABILITY = YES;
				ENABLE_USER_SCRIPT_SANDBOXING = YES;
				GCC_C_LANGUAGE_STANDARD = gnu17;
				GCC_DYNAMIC_NO_PIC = NO;
				GCC_NO_COMMON_BLOCKS = YES;
				GCC_OPTIMIZATION_LEVEL = 0;
				GCC_PREPROCESSOR_DEFINITIONS = (
					"DEBUG=1",
					"$(inherited)",
				);
				GCC_WARN_64_TO_32_BIT_CONVERSION = YES;
				GCC_WARN_ABOUT_RETURN_TYPE = YES_ERROR;
				GCC_WARN_UNDECLARED_SELECTOR = YES;
				GCC_WARN_UNINITIALIZED_AUTOS = YES_AGGRESSIVE;
				GCC_WARN_UNUSED_FUNCTION = YES;
				GCC_WARN_UNUSED_VARIABLE = YES;
				LOCALIZATION_PREFERS_STRING_CATALOGS = YES;
				MTL_ENABLE_DEBUG_INFO = INCLUDE_SOURCE;
				MTL_FAST_MATH = YES;
				ONLY_ACTIVE_ARCH = YES;
				SWIFT_ACTIVE_COMPILATION_CONDITIONS = "DEBUG $(inherited)";
				SWIFT_OPTIMIZATION_LEVEL = "-Onone";
			};
			name = Debug;
		};
		6BB4322D2A9161150048C787 /* Release */ = {
			isa = XCBuildConfiguration;
			buildSettings = {
				ALWAYS_SEARCH_USER_PATHS = NO;
				ASSETCATALOG_COMPILER_GENERATE_SWIFT_ASSET_SYMBOL_EXTENSIONS = YES;
				CLANG_ANALYZER_NONNULL = YES;
				CLANG_ANALYZER_NUMBER_OBJECT_CONVERSION = YES_AGGRESSIVE;
				CLANG_CXX_LANGUAGE_STANDARD = "gnu++20";
				CLANG_ENABLE_MODULES = YES;
				CLANG_ENABLE_OBJC_ARC = YES;
				CLANG_ENABLE_OBJC_WEAK = YES;
				CLANG_WARN_BLOCK_CAPTURE_AUTORELEASING = YES;
				CLANG_WARN_BOOL_CONVERSION = YES;
				CLANG_WARN_COMMA = YES;
				CLANG_WARN_CONSTANT_CONVERSION = YES;
				CLANG_WARN_DEPRECATED_OBJC_IMPLEMENTATIONS = YES;
				CLANG_WARN_DIRECT_OBJC_ISA_USAGE = YES_ERROR;
				CLANG_WARN_DOCUMENTATION_COMMENTS = YES;
				CLANG_WARN_EMPTY_BODY = YES;
				CLANG_WARN_ENUM_CONVERSION = YES;
				CLANG_WARN_INFINITE_RECURSION = YES;
				CLANG_WARN_INT_CONVERSION = YES;
				CLANG_WARN_NON_LITERAL_NULL_CONVERSION = YES;
				CLANG_WARN_OBJC_IMPLICIT_RETAIN_SELF = YES;
				CLANG_WARN_OBJC_LITERAL_CONVERSION = YES;
				CLANG_WARN_OBJC_ROOT_CLASS = YES_ERROR;
				CLANG_WARN_QUOTED_INCLUDE_IN_FRAMEWORK_HEADER = YES;
				CLANG_WARN_RANGE_LOOP_ANALYSIS = YES;
				CLANG_WARN_STRICT_PROTOTYPES = YES;
				CLANG_WARN_SUSPICIOUS_MOVE = YES;
				CLANG_WARN_UNGUARDED_AVAILABILITY = YES_AGGRESSIVE;
				CLANG_WARN_UNREACHABLE_CODE = YES;
				CLANG_WARN__DUPLICATE_METHOD_MATCH = YES;
				COPY_PHASE_STRIP = NO;
				DEAD_CODE_STRIPPING = YES;
				DEBUG_INFORMATION_FORMAT = "dwarf-with-dsym";
				ENABLE_NS_ASSERTIONS = NO;
				ENABLE_STRICT_OBJC_MSGSEND = YES;
				ENABLE_USER_SCRIPT_SANDBOXING = YES;
				GCC_C_LANGUAGE_STANDARD = gnu17;
				GCC_NO_COMMON_BLOCKS = YES;
				GCC_WARN_64_TO_32_BIT_CONVERSION = YES;
				GCC_WARN_ABOUT_RETURN_TYPE = YES_ERROR;
				GCC_WARN_UNDECLARED_SELECTOR = YES;
				GCC_WARN_UNINITIALIZED_AUTOS = YES_AGGRESSIVE;
				GCC_WARN_UNUSED_FUNCTION = YES;
				GCC_WARN_UNUSED_VARIABLE = YES;
				LOCALIZATION_PREFERS_STRING_CATALOGS = YES;
				MTL_ENABLE_DEBUG_INFO = NO;
				MTL_FAST_MATH = YES;
				SWIFT_COMPILATION_MODE = wholemodule;
			};
			name = Release;
		};
		6BB4322F2A9161150048C787 /* Debug */ = {
			isa = XCBuildConfiguration;
			buildSettings = {
				ASSETCATALOG_COMPILER_APPICON_NAME = AppIcon;
				ASSETCATALOG_COMPILER_GLOBAL_ACCENT_COLOR_NAME = AccentColor;
				CODE_SIGN_ENTITLEMENTS = Shared/App.entitlements;
				CODE_SIGN_STYLE = Automatic;
				CURRENT_PROJECT_VERSION = 12;
				DEAD_CODE_STRIPPING = YES;
				DEVELOPMENT_ASSET_PATHS = "\"Shared/Preview Content\"";
				DEVELOPMENT_TEAM = QSQY64SHJ5;
				ENABLE_HARDENED_RUNTIME = YES;
				ENABLE_PREVIEWS = YES;
				GENERATE_INFOPLIST_FILE = YES;
				INFOPLIST_KEY_CFBundleDisplayName = "M'Cheyne Plan";
				INFOPLIST_KEY_LSApplicationCategoryType = "public.app-category.reference";
				"INFOPLIST_KEY_UIApplicationSceneManifest_Generation[sdk=iphoneos*]" = YES;
				"INFOPLIST_KEY_UIApplicationSceneManifest_Generation[sdk=iphonesimulator*]" = YES;
				"INFOPLIST_KEY_UIApplicationSupportsIndirectInputEvents[sdk=iphoneos*]" = YES;
				"INFOPLIST_KEY_UIApplicationSupportsIndirectInputEvents[sdk=iphonesimulator*]" = YES;
				"INFOPLIST_KEY_UILaunchScreen_Generation[sdk=iphoneos*]" = YES;
				"INFOPLIST_KEY_UILaunchScreen_Generation[sdk=iphonesimulator*]" = YES;
				"INFOPLIST_KEY_UIStatusBarStyle[sdk=iphoneos*]" = UIStatusBarStyleDefault;
				"INFOPLIST_KEY_UIStatusBarStyle[sdk=iphonesimulator*]" = UIStatusBarStyleDefault;
				INFOPLIST_KEY_UISupportedInterfaceOrientations = "UIInterfaceOrientationPortrait UIInterfaceOrientationPortraitUpsideDown";
				INFOPLIST_KEY_UISupportedInterfaceOrientations_iPad = "UIInterfaceOrientationLandscapeLeft UIInterfaceOrientationLandscapeRight UIInterfaceOrientationPortrait UIInterfaceOrientationPortraitUpsideDown";
				IPHONEOS_DEPLOYMENT_TARGET = 17.0;
				LD_RUNPATH_SEARCH_PATHS = "@executable_path/Frameworks";
				"LD_RUNPATH_SEARCH_PATHS[sdk=macosx*]" = "@executable_path/../Frameworks";
				MACOSX_DEPLOYMENT_TARGET = 14.0;
				MARKETING_VERSION = 2.0.2;
				PRODUCT_BUNDLE_IDENTIFIER = "com.willswire.mcheyne-plan";
				PRODUCT_NAME = "$(TARGET_NAME)";
				SDKROOT = auto;
				SUPPORTED_PLATFORMS = "iphoneos iphonesimulator macosx";
				SWIFT_EMIT_LOC_STRINGS = YES;
				SWIFT_VERSION = 5.0;
				TARGETED_DEVICE_FAMILY = "1,2";
			};
			name = Debug;
		};
		6BB432302A9161150048C787 /* Release */ = {
			isa = XCBuildConfiguration;
			buildSettings = {
				ASSETCATALOG_COMPILER_APPICON_NAME = AppIcon;
				ASSETCATALOG_COMPILER_GLOBAL_ACCENT_COLOR_NAME = AccentColor;
				CODE_SIGN_ENTITLEMENTS = Shared/App.entitlements;
				CODE_SIGN_STYLE = Automatic;
				CURRENT_PROJECT_VERSION = 12;
				DEAD_CODE_STRIPPING = YES;
				DEVELOPMENT_ASSET_PATHS = "\"Shared/Preview Content\"";
				DEVELOPMENT_TEAM = QSQY64SHJ5;
				ENABLE_HARDENED_RUNTIME = YES;
				ENABLE_PREVIEWS = YES;
				GENERATE_INFOPLIST_FILE = YES;
				INFOPLIST_KEY_CFBundleDisplayName = "M'Cheyne Plan";
				INFOPLIST_KEY_LSApplicationCategoryType = "public.app-category.reference";
				"INFOPLIST_KEY_UIApplicationSceneManifest_Generation[sdk=iphoneos*]" = YES;
				"INFOPLIST_KEY_UIApplicationSceneManifest_Generation[sdk=iphonesimulator*]" = YES;
				"INFOPLIST_KEY_UIApplicationSupportsIndirectInputEvents[sdk=iphoneos*]" = YES;
				"INFOPLIST_KEY_UIApplicationSupportsIndirectInputEvents[sdk=iphonesimulator*]" = YES;
				"INFOPLIST_KEY_UILaunchScreen_Generation[sdk=iphoneos*]" = YES;
				"INFOPLIST_KEY_UILaunchScreen_Generation[sdk=iphonesimulator*]" = YES;
				"INFOPLIST_KEY_UIStatusBarStyle[sdk=iphoneos*]" = UIStatusBarStyleDefault;
				"INFOPLIST_KEY_UIStatusBarStyle[sdk=iphonesimulator*]" = UIStatusBarStyleDefault;
				INFOPLIST_KEY_UISupportedInterfaceOrientations = "UIInterfaceOrientationPortrait UIInterfaceOrientationPortraitUpsideDown";
				INFOPLIST_KEY_UISupportedInterfaceOrientations_iPad = "UIInterfaceOrientationLandscapeLeft UIInterfaceOrientationLandscapeRight UIInterfaceOrientationPortrait UIInterfaceOrientationPortraitUpsideDown";
				IPHONEOS_DEPLOYMENT_TARGET = 17.0;
				LD_RUNPATH_SEARCH_PATHS = "@executable_path/Frameworks";
				"LD_RUNPATH_SEARCH_PATHS[sdk=macosx*]" = "@executable_path/../Frameworks";
				MACOSX_DEPLOYMENT_TARGET = 14.0;
				MARKETING_VERSION = 2.0.2;
				PRODUCT_BUNDLE_IDENTIFIER = "com.willswire.mcheyne-plan";
				PRODUCT_NAME = "$(TARGET_NAME)";
				SDKROOT = auto;
				SUPPORTED_PLATFORMS = "iphoneos iphonesimulator macosx";
				SWIFT_EMIT_LOC_STRINGS = YES;
				SWIFT_VERSION = 5.0;
				TARGETED_DEVICE_FAMILY = "1,2";
			};
			name = Release;
		};
		6BB432322A9161150048C787 /* Debug */ = {
			isa = XCBuildConfiguration;
			buildSettings = {
				ALWAYS_EMBED_SWIFT_STANDARD_LIBRARIES = YES;
				BUNDLE_LOADER = "$(TEST_HOST)";
				CODE_SIGN_STYLE = Automatic;
				CURRENT_PROJECT_VERSION = 1;
				DEAD_CODE_STRIPPING = YES;
				DEVELOPMENT_TEAM = QSQY64SHJ5;
				GENERATE_INFOPLIST_FILE = YES;
				IPHONEOS_DEPLOYMENT_TARGET = 17.0;
				MACOSX_DEPLOYMENT_TARGET = 14.0;
				MARKETING_VERSION = 1.0;
				PRODUCT_BUNDLE_IDENTIFIER = "com.willswire.mcheyne-planTests";
				PRODUCT_NAME = "$(TARGET_NAME)";
				SDKROOT = auto;
				SUPPORTED_PLATFORMS = "iphoneos iphonesimulator macosx";
				SWIFT_EMIT_LOC_STRINGS = NO;
				SWIFT_VERSION = 5.0;
				TARGETED_DEVICE_FAMILY = "1,2";
				TEST_HOST = "$(BUILT_PRODUCTS_DIR)/The M'Cheyne Plan.app/$(BUNDLE_EXECUTABLE_FOLDER_PATH)/The M'Cheyne Plan";
			};
			name = Debug;
		};
		6BB432332A9161150048C787 /* Release */ = {
			isa = XCBuildConfiguration;
			buildSettings = {
				ALWAYS_EMBED_SWIFT_STANDARD_LIBRARIES = YES;
				BUNDLE_LOADER = "$(TEST_HOST)";
				CODE_SIGN_STYLE = Automatic;
				CURRENT_PROJECT_VERSION = 1;
				DEAD_CODE_STRIPPING = YES;
				DEVELOPMENT_TEAM = QSQY64SHJ5;
				GENERATE_INFOPLIST_FILE = YES;
				IPHONEOS_DEPLOYMENT_TARGET = 17.0;
				MACOSX_DEPLOYMENT_TARGET = 14.0;
				MARKETING_VERSION = 1.0;
				PRODUCT_BUNDLE_IDENTIFIER = "com.willswire.mcheyne-planTests";
				PRODUCT_NAME = "$(TARGET_NAME)";
				SDKROOT = auto;
				SUPPORTED_PLATFORMS = "iphoneos iphonesimulator macosx";
				SWIFT_EMIT_LOC_STRINGS = NO;
				SWIFT_VERSION = 5.0;
				TARGETED_DEVICE_FAMILY = "1,2";
				TEST_HOST = "$(BUILT_PRODUCTS_DIR)/The M'Cheyne Plan.app/$(BUNDLE_EXECUTABLE_FOLDER_PATH)/The M'Cheyne Plan";
			};
			name = Release;
		};
		6BB432352A9161150048C787 /* Debug */ = {
			isa = XCBuildConfiguration;
			buildSettings = {
				ALWAYS_EMBED_SWIFT_STANDARD_LIBRARIES = YES;
				CODE_SIGN_STYLE = Automatic;
				CURRENT_PROJECT_VERSION = 1;
				DEAD_CODE_STRIPPING = YES;
				DEVELOPMENT_TEAM = QSQY64SHJ5;
				GENERATE_INFOPLIST_FILE = YES;
				IPHONEOS_DEPLOYMENT_TARGET = 17.0;
				MACOSX_DEPLOYMENT_TARGET = 14.0;
				MARKETING_VERSION = 1.0;
				PRODUCT_BUNDLE_IDENTIFIER = "com.willswire.mcheyne-planUITests";
				PRODUCT_NAME = "$(TARGET_NAME)";
				SDKROOT = auto;
				SUPPORTED_PLATFORMS = "iphoneos iphonesimulator macosx";
				SWIFT_EMIT_LOC_STRINGS = NO;
				SWIFT_VERSION = 5.0;
				TARGETED_DEVICE_FAMILY = "1,2";
				TEST_TARGET_NAME = "mcheyne-plan";
			};
			name = Debug;
		};
		6BB432362A9161150048C787 /* Release */ = {
			isa = XCBuildConfiguration;
			buildSettings = {
				ALWAYS_EMBED_SWIFT_STANDARD_LIBRARIES = YES;
				CODE_SIGN_STYLE = Automatic;
				CURRENT_PROJECT_VERSION = 1;
				DEAD_CODE_STRIPPING = YES;
				DEVELOPMENT_TEAM = QSQY64SHJ5;
				GENERATE_INFOPLIST_FILE = YES;
				IPHONEOS_DEPLOYMENT_TARGET = 17.0;
				MACOSX_DEPLOYMENT_TARGET = 14.0;
				MARKETING_VERSION = 1.0;
				PRODUCT_BUNDLE_IDENTIFIER = "com.willswire.mcheyne-planUITests";
				PRODUCT_NAME = "$(TARGET_NAME)";
				SDKROOT = auto;
				SUPPORTED_PLATFORMS = "iphoneos iphonesimulator macosx";
				SWIFT_EMIT_LOC_STRINGS = NO;
				SWIFT_VERSION = 5.0;
				TARGETED_DEVICE_FAMILY = "1,2";
				TEST_TARGET_NAME = "mcheyne-plan";
			};
			name = Release;
		};
/* End XCBuildConfiguration section */

/* Begin XCConfigurationList section */
		6BB432042A9161130048C787 /* Build configuration list for PBXProject "The M'Cheyne Plan" */ = {
			isa = XCConfigurationList;
			buildConfigurations = (
				6BB4322C2A9161150048C787 /* Debug */,
				6BB4322D2A9161150048C787 /* Release */,
			);
			defaultConfigurationIsVisible = 0;
			defaultConfigurationName = Release;
		};
		6BB4322E2A9161150048C787 /* Build configuration list for PBXNativeTarget "The M'Cheyne Plan" */ = {
			isa = XCConfigurationList;
			buildConfigurations = (
				6BB4322F2A9161150048C787 /* Debug */,
				6BB432302A9161150048C787 /* Release */,
			);
			defaultConfigurationIsVisible = 0;
			defaultConfigurationName = Release;
		};
		6BB432312A9161150048C787 /* Build configuration list for PBXNativeTarget "The M'Cheyne PlanTests" */ = {
			isa = XCConfigurationList;
			buildConfigurations = (
				6BB432322A9161150048C787 /* Debug */,
				6BB432332A9161150048C787 /* Release */,
			);
			defaultConfigurationIsVisible = 0;
			defaultConfigurationName = Release;
		};
		6BB432342A9161150048C787 /* Build configuration list for PBXNativeTarget "The M'Cheyne PlanUITests" */ = {
			isa = XCConfigurationList;
			buildConfigurations = (
				6BB432352A9161150048C787 /* Debug */,
				6BB432362A9161150048C787 /* Release */,
			);
			defaultConfigurationIsVisible = 0;
			defaultConfigurationName = Release;
		};
/* End XCConfigurationList section */
	};
	rootObject = 6BB432012A9161130048C787 /* Project object */;
}
